Microsoft Visual Studio Solution File, Format Version 11.00
# Visual Studio 2008

Project("{82E43F42-35EF-4367-A53B-2FCB3B2C19BF}") = "Prototipo 3.0 Prealpha 3", "Assembly-CSharp-firstpass-vs.csproj", "{0301CCC6-B813-787F-1950-0EB3B53800DD}"
EndProject
Project("{82E43F42-35EF-4367-A53B-2FCB3B2C19BF}") = "Prototipo 3.0 Prealpha 3", "Assembly-CSharp-vs.csproj", "{6ED7875D-FDD8-942E-3089-BB24E49A4317}"
EndProject
Project("{82E43F42-35EF-4367-A53B-2FCB3B2C19BF}") = "Prototipo 3.0 Prealpha 3", "Assembly-CSharp-Editor-firstpass-vs.csproj", "{B38092DC-63F4-780A-9660-F249885E9D79}"
EndProject
Global
	GlobalSection(SolutionConfigurationPlatforms) = preSolution
		Debug|Any CPU = Debug|Any CPU
		Release|Any CPU = Release|Any CPU
	EndGlobalSection
	GlobalSection(ProjectConfigurationPlatforms) = postSolution
		{0301CCC6-B813-787F-1950-0EB3B53800DD}.Debug|Any CPU.ActiveCfg = Debug|Any CPU
		{0301CCC6-B813-787F-1950-0EB3B53800DD}.Debug|Any CPU.Build.0 = Debug|Any CPU
		{0301CCC6-B813-787F-1950-0EB3B53800DD}.Release|Any CPU.ActiveCfg = Release|Any CPU
		{0301CCC6-B813-787F-1950-0EB3B53800DD}.Release|Any CPU.Build.0 = Release|Any CPU
		{6ED7875D-FDD8-942E-3089-BB24E49A4317}.Debug|Any CPU.ActiveCfg = Debug|Any CPU
		{6ED7875D-FDD8-942E-3089-BB24E49A4317}.Debug|Any CPU.Build.0 = Debug|Any CPU
		{6ED7875D-FDD8-942E-3089-BB24E49A4317}.Release|Any CPU.ActiveCfg = Release|Any CPU
		{6ED7875D-FDD8-942E-3089-BB24E49A4317}.Release|Any CPU.Build.0 = Release|Any CPU
		{B38092DC-63F4-780A-9660-F249885E9D79}.Debug|Any CPU.ActiveCfg = Debug|Any CPU
		{B38092DC-63F4-780A-9660-F249885E9D79}.Debug|Any CPU.Build.0 = Debug|Any CPU
		{B38092DC-63F4-780A-9660-F249885E9D79}.Release|Any CPU.ActiveCfg = Release|Any CPU
		{B38092DC-63F4-780A-9660-F249885E9D79}.Release|Any CPU.Build.0 = Release|Any CPU
	EndGlobalSection
	GlobalSection(SolutionProperties) = preSolution
		HideSolutionNode = FALSE
	EndGlobalSection
																																									GlobalSection(MonoDevelopProperties) = preSolution
		StartupItem = Assembly-CSharp.csproj
		Policies = $0
		$0.TextStylePolicy = $1
		$1.inheritsSet = null
		$1.scope = text/x-csharp
		$0.CSharpFormattingPolicy = $2
		$2.inheritsSet = Mono
		$2.inheritsScope = text/x-csharp
		$2.scope = text/x-csharp
		$0.TextStylePolicy = $3
		$3.FileWidth = 120
		$3.TabWidth = 4
		$3.EolMarker = Unix
		$3.inheritsSet = Mono
		$3.inheritsScope = text/plain
		$3.scope = text/plain
	EndGlobalSection

EndGlobal
