Microsoft Visual Studio Solution File, Format Version 10.00
# Visual Studio 2008

Project("{69DF0E2F-CFE4-B4F1-1147-41DBE50A10BE}") = "Prototipo 3.0 Prealpha", "Assembly-CSharp.csproj", "{A7A5BC84-84FB-F270-D21B-F16FD75E6CD6}"
EndProject
Project("{69DF0E2F-CFE4-B4F1-1147-41DBE50A10BE}") = "Prototipo 3.0 Prealpha", "Assembly-UnityScript.unityproj", "{36301FFE-892B-87F9-3AD7-B15441EDC852}"
EndProject
Global
	GlobalSection(SolutionConfigurationPlatforms) = preSolution
		Debug|Any CPU = Debug|Any CPU
		Release|Any CPU = Release|Any CPU
	EndGlobalSection
	GlobalSection(ProjectConfigurationPlatforms) = postSolution
		{A7A5BC84-84FB-F270-D21B-F16FD75E6CD6}.Debug|Any CPU.ActiveCfg = Debug|Any CPU
		{A7A5BC84-84FB-F270-D21B-F16FD75E6CD6}.Debug|Any CPU.Build.0 = Debug|Any CPU
		{A7A5BC84-84FB-F270-D21B-F16FD75E6CD6}.Release|Any CPU.ActiveCfg = Release|Any CPU
		{A7A5BC84-84FB-F270-D21B-F16FD75E6CD6}.Release|Any CPU.Build.0 = Release|Any CPU
		{36301FFE-892B-87F9-3AD7-B15441EDC852}.Debug|Any CPU.ActiveCfg = Debug|Any CPU
		{36301FFE-892B-87F9-3AD7-B15441EDC852}.Debug|Any CPU.Build.0 = Debug|Any CPU
		{36301FFE-892B-87F9-3AD7-B15441EDC852}.Release|Any CPU.ActiveCfg = Release|Any CPU
		{36301FFE-892B-87F9-3AD7-B15441EDC852}.Release|Any CPU.Build.0 = Release|Any CPU
	EndGlobalSection
	GlobalSection(SolutionProperties) = preSolution
		HideSolutionNode = FALSE
	EndGlobalSection
	
EndGlobal
