Microsoft Visual Studio Solution File, Format Version 10.00
# Visual Studio 2008

Project("{6B6D7C10-90B6-B634-936F-7ABD0C48D563}") = "Prototipo 3.0 Prealpha 2", "Assembly-CSharp-vs.csproj", "{1889CA6C-6853-66AE-FCC3-100BF574996B}"
EndProject
Global
	GlobalSection(SolutionConfigurationPlatforms) = preSolution
		Debug|Any CPU = Debug|Any CPU
		Release|Any CPU = Release|Any CPU
	EndGlobalSection
	GlobalSection(ProjectConfigurationPlatforms) = postSolution
		{1889CA6C-6853-66AE-FCC3-100BF574996B}.Debug|Any CPU.ActiveCfg = Debug|Any CPU
		{1889CA6C-6853-66AE-FCC3-100BF574996B}.Debug|Any CPU.Build.0 = Debug|Any CPU
		{1889CA6C-6853-66AE-FCC3-100BF574996B}.Release|Any CPU.ActiveCfg = Release|Any CPU
		{1889CA6C-6853-66AE-FCC3-100BF574996B}.Release|Any CPU.Build.0 = Release|Any CPU
	EndGlobalSection
	GlobalSection(SolutionProperties) = preSolution
		HideSolutionNode = FALSE
	EndGlobalSection
	
EndGlobal
